
Microsoft Visual Studio Solution File, Format Version 12.00
# Visual Studio Version 16
VisualStudioVersion = 16.0.29728.190
MinimumVisualStudioVersion = 10.0.40219.1
Project("{FAE04EC0-301F-11D3-BF4B-00C04F79EFBC}") = "OrbitCLone", "OrbitCLone\OrbitCLone.csproj", "{55104392-BDD2-445E-88DF-43A38694D869}"
EndProject
Project("{FAE04EC0-301F-11D3-BF4B-00C04F79EFBC}") = "OrbitLearner", "OrbitLearner\OrbitLearner.csproj", "{89C65D01-04AD-4B9E-BCFF-22615CFEB5A1}"
EndProject
Global
	GlobalSection(SolutionConfigurationPlatforms) = preSolution
		Debug|Any CPU = Debug|Any CPU
		Release|Any CPU = Release|Any CPU
	EndGlobalSection
	GlobalSection(ProjectConfigurationPlatforms) = postSolution
		{55104392-BDD2-445E-88DF-43A38694D869}.Debug|Any CPU.ActiveCfg = Debug|Any CPU
		{55104392-BDD2-445E-88DF-43A38694D869}.Debug|Any CPU.Build.0 = Debug|Any CPU
		{55104392-BDD2-445E-88DF-43A38694D869}.Release|Any CPU.ActiveCfg = Release|Any CPU
		{55104392-BDD2-445E-88DF-43A38694D869}.Release|Any CPU.Build.0 = Release|Any CPU
		{89C65D01-04AD-4B9E-BCFF-22615CFEB5A1}.Debug|Any CPU.ActiveCfg = Debug|Any CPU
		{89C65D01-04AD-4B9E-BCFF-22615CFEB5A1}.Debug|Any CPU.Build.0 = Debug|Any CPU
		{89C65D01-04AD-4B9E-BCFF-22615CFEB5A1}.Release|Any CPU.ActiveCfg = Release|Any CPU
		{89C65D01-04AD-4B9E-BCFF-22615CFEB5A1}.Release|Any CPU.Build.0 = Release|Any CPU
	EndGlobalSection
	GlobalSection(SolutionProperties) = preSolution
		HideSolutionNode = FALSE
	EndGlobalSection
	GlobalSection(ExtensibilityGlobals) = postSolution
		SolutionGuid = {A96AE67B-C3D5-4CA4-AC52-DC63C53B8D45}
	EndGlobalSection
EndGlobal
